
Microsoft Visual Studio Solution File, Format Version 12.00
# Visual Studio Version 17
VisualStudioVersion = 17.4.33110.190
MinimumVisualStudioVersion = 10.0.40219.1
Project("{FAE04EC0-301F-11D3-BF4B-00C04F79EFBC}") = "TaskPlannerPIU", "TaskPlannerPIU\TaskPlannerPIU.csproj", "{89960E06-9B97-4698-875D-187151ADA8BA}"
EndProject
Global
	GlobalSection(SolutionConfigurationPlatforms) = preSolution
		Debug|Any CPU = Debug|Any CPU
		Release|Any CPU = Release|Any CPU
	EndGlobalSection
	GlobalSection(ProjectConfigurationPlatforms) = postSolution
		{89960E06-9B97-4698-875D-187151ADA8BA}.Debug|Any CPU.ActiveCfg = Debug|Any CPU
		{89960E06-9B97-4698-875D-187151ADA8BA}.Debug|Any CPU.Build.0 = Debug|Any CPU
		{89960E06-9B97-4698-875D-187151ADA8BA}.Release|Any CPU.ActiveCfg = Release|Any CPU
		{89960E06-9B97-4698-875D-187151ADA8BA}.Release|Any CPU.Build.0 = Release|Any CPU
	EndGlobalSection
	GlobalSection(SolutionProperties) = preSolution
		HideSolutionNode = FALSE
	EndGlobalSection
	GlobalSection(ExtensibilityGlobals) = postSolution
		SolutionGuid = {2ED7D889-103A-4E27-BAF2-BEE0FE6037ED}
	EndGlobalSection
EndGlobal
